{
    "_meta": {
        "hash": {
            "sha256": "37b209e7dd18461cf69391f2ceacfb99aef0af12b6f5ae4e78a195a0696c6f12"
        },
        "pipfile-spec": 6,
        "requires": {
            "python_version": "3.8"
        },
        "sources": [
            {
                "name": "pypi",
                "url": "https://pypi.org/simple",
                "verify_ssl": true
            }
        ]
    },
    "default": {
        "certifi": {
            "hashes": [
                "sha256:5930595817496dd21bb8dc35dad090f1c2cd0adfaf21204bf6732ca5d8ee34d3",
                "sha256:8fc0819f1f30ba15bdb34cceffb9ef04d99f420f68eb75d901e9560b8749fc41"
            ],
            "version": "==2020.6.20"
        },
        "click": {
            "hashes": [
                "sha256:d2b5255c7c6349bc1bd1e59e08cd12acbbd63ce649f2588755783aa94dfb6b1a",
                "sha256:dacca89f4bfadd5de3d7489b7c8a566eee0d3676333fbb50030263894c38c0dc"
            ],
            "markers": "python_version >= '2.7' and python_version not in '3.0, 3.1, 3.2, 3.3, 3.4'",
            "version": "==7.1.2"
        },
        "contextlib2": {
            "hashes": [
                "sha256:01f490098c18b19d2bd5bb5dc445b2054d2fa97f09a4280ba2c5f3c394c8162e",
                "sha256:3355078a159fbb44ee60ea80abd0d87b80b78c248643b49aa6d94673b413609b"
            ],
            "markers": "python_version >= '2.7' and python_version not in '3.0, 3.1, 3.2, 3.3'",
            "version": "==0.6.0.post1"
        },
        "decorator": {
            "hashes": [
                "sha256:41fa54c2a0cc4ba648be4fd43cff00aedf5b9465c9bf18d64325bc225f08f760",
                "sha256:e3a62f0520172440ca0dcc823749319382e377f37f140a0b99ef45fecb84bfe7"
            ],
            "version": "==4.4.2"
        },
        "gunicorn": {
            "hashes": [
                "sha256:1904bb2b8a43658807108d59c3f3d56c2b6121a701161de0ddf9ad140073c626",
                "sha256:cd4a810dd51bf497552cf3f863b575dabd73d6ad6a91075b65936b151cbf4f9c"
            ],
            "index": "pypi",
            "version": "==20.0.4"
        },
        "h11": {
            "hashes": [
                "sha256:3c6c61d69c6f13d41f1b80ab0322f1872702a3ba26e12aa864c928f6a43fbaab",
                "sha256:ab6c335e1b6ef34b205d5ca3e228c9299cc7218b049819ec84a388c2525e5d87"
            ],
            "version": "==0.11.0"
        },
        "h2": {
            "hashes": [
                "sha256:61e0f6601fa709f35cdb730863b4e5ec7ad449792add80d1410d4174ed139af5",
                "sha256:875f41ebd6f2c44781259005b157faed1a5031df3ae5aa7bcb4628a6c0782f14"
            ],
            "version": "==3.2.0"
        },
        "hpack": {
            "hashes": [
                "sha256:0edd79eda27a53ba5be2dfabf3b15780928a0dff6eb0c60a3d6767720e970c89",
                "sha256:8eec9c1f4bfae3408a3f30500261f7e6a65912dc138526ea054f9ad98892e9d2"
            ],
            "version": "==3.0.0"
        },
        "httpcore": {
            "hashes": [
                "sha256:18c4afcbfe884b635e59739105aed1692e132bc5d31597109f3c1c97e4ec1cac",
                "sha256:2526a38f31ac5967d38b7f593b5d8c4bd3fa82c21400402f866ba3312946acbf"
            ],
            "markers": "python_version >= '3.6'",
            "version": "==0.12.0"
        },
        "httptools": {
            "hashes": [
                "sha256:0a4b1b2012b28e68306575ad14ad5e9120b34fccd02a81eb08838d7e3bbb48be",
                "sha256:3592e854424ec94bd17dc3e0c96a64e459ec4147e6d53c0a42d0ebcef9cb9c5d",
                "sha256:41b573cf33f64a8f8f3400d0a7faf48e1888582b6f6e02b82b9bd4f0bf7497ce",
                "sha256:56b6393c6ac7abe632f2294da53f30d279130a92e8ae39d8d14ee2e1b05ad1f2",
                "sha256:86c6acd66765a934e8730bf0e9dfaac6fdcf2a4334212bd4a0a1c78f16475ca6",
                "sha256:96da81e1992be8ac2fd5597bf0283d832287e20cb3cfde8996d2b00356d4e17f",
                "sha256:96eb359252aeed57ea5c7b3d79839aaa0382c9d3149f7d24dd7172b1bcecb009",
                "sha256:a2719e1d7a84bb131c4f1e0cb79705034b48de6ae486eb5297a139d6a3296dce",
                "sha256:ac0aa11e99454b6a66989aa2d44bca41d4e0f968e395a0a8f164b401fefe359a",
                "sha256:bc3114b9edbca5a1eb7ae7db698c669eb53eb8afbbebdde116c174925260849c",
                "sha256:fa3cd71e31436911a44620473e873a256851e1f53dee56669dae403ba41756a4",
                "sha256:fea04e126014169384dee76a153d4573d90d0cbd1d12185da089f73c78390437"
            ],
            "index": "pypi",
            "version": "==0.1.1"
        },
        "httpx": {
            "extras": [
                "http2"
            ],
            "hashes": [
                "sha256:126424c279c842738805974687e0518a94c7ae8d140cd65b9c4f77ac46ffa537",
                "sha256:9cffb8ba31fac6536f2c8cde30df859013f59e4bcc5b8d43901cb3654a8e0a5b"
            ],
            "index": "pypi",
            "version": "==0.16.1"
        },
        "hyperframe": {
            "hashes": [
                "sha256:5187962cb16dcc078f23cb5a4b110098d546c3f41ff2d4038a9896893bbd0b40",
                "sha256:a9f5c17f2cc3c719b917c4f33ed1c61bd1f8dfac4b1bd23b7c80b3400971b41f"
            ],
            "version": "==5.2.0"
        },
        "idna": {
            "hashes": [
                "sha256:b307872f855b18632ce0c21c5e45be78c0ea7ae4c15c828c20788b26921eb3f6",
                "sha256:b97d804b1e9b523befed77c48dacec60e6dcb0b5391d57af6a65a312a90648c0"
            ],
            "markers": "python_version >= '2.7' and python_version not in '3.0, 3.1, 3.2, 3.3'",
            "version": "==2.10"
        },
        "pillow-simd": {
            "hashes": [
                "sha256:c27907af0e7ede1ceed281719e722e7dbf3e1dbfe561373978654a6b64896cb7"
            ],
            "index": "pypi",
            "version": "==7.0.0.post3"
        },
        "pycryptodomex": {
            "hashes": [
                "sha256:06f5a458624c9b0e04c0086c7f84bcc578567dab0ddc816e0476b3057b18339f",
                "sha256:1714675fb4ac29a26ced38ca22eb8ffd923ac851b7a6140563863194d7158422",
                "sha256:17272d06e4b2f6455ee2cbe93e8eb50d9450a5dc6223d06862ee1ea5d1235861",
                "sha256:2199708ebeed4b82eb45b10e1754292677f5a0df7d627ee91ea01290b9bab7e6",
                "sha256:2275a663c9e744ee4eace816ef2d446b3060554c5773a92fbc79b05bf47debda",
                "sha256:2710fc8d83b3352b370db932b3710033b9d630b970ff5aaa3e7458b5336e3b32",
                "sha256:35b9c9177a9fe7288b19dd41554c9c8ca1063deb426dd5a02e7e2a7416b6bd11",
                "sha256:3b23d63030819b7d9ac7db9360305fd1241e6870ca5b7e8d59fee4db4674a490",
                "sha256:3caa32cf807422adf33c10c88c22e9e2e08b9d9d042f12e1e25fe23113dd618f",
                "sha256:48cc2cfc251f04a6142badeb666d1ff49ca6fdfc303fd72579f62b768aaa52b9",
                "sha256:4ae6379350a09339109e9b6f419bb2c3f03d3e441f4b0f5b8ca699d47cc9ff7e",
                "sha256:4e0b27697fa1621c6d3d3b4edeec723c2e841285de6a8d378c1962da77b349be",
                "sha256:58e19560814dabf5d788b95a13f6b98279cf41a49b1e49ee6cf6c79a57adb4c9",
                "sha256:8044eae59301dd392fbb4a7c5d64e1aea8ef0be2540549807ecbe703d6233d68",
                "sha256:85c108b42e47d4073344ff61d4e019f1d95bb7725ca0fe87d0a2deb237c10e49",
                "sha256:89be1bf55e50116fe7e493a7c0c483099770dd7f81b87ac8d04a43b1a203e259",
                "sha256:8fcdda24dddf47f716400d54fc7f75cadaaba1dd47cc127e59d752c9c0fc3c48",
                "sha256:914fbb18e29c54585e6aa39d300385f90d0fa3b3cc02ed829b08f95c1acf60c2",
                "sha256:93a75d1acd54efed314b82c952b39eac96ce98d241ad7431547442e5c56138aa",
                "sha256:9fd758e5e2fe02d57860b85da34a1a1e7037155c4eadc2326fc7af02f9cae214",
                "sha256:a2bc4e1a2e6ca3a18b2e0be6131a23af76fecb37990c159df6edc7da6df913e3",
                "sha256:a2ee8ba99d33e1a434fcd27d7d0aa7964163efeee0730fe2efc9d60edae1fc71",
                "sha256:b2d756620078570d3f940c84bc94dd30aa362b795cce8b2723300a8800b87f1c",
                "sha256:c0d085c8187a1e4d3402f626c9e438b5861151ab132d8761d9c5ce6491a87761",
                "sha256:c315262e26d54a9684e323e37ac9254f481d57fcc4fd94002992460898ef5c04",
                "sha256:c990f2c58f7c67688e9e86e6557ed05952669ff6f1343e77b459007d85f7df00",
                "sha256:ccbbec59bf4b74226170c54476da5780c9176bae084878fc94d9a2c841218e34",
                "sha256:dc2bed32c7b138f1331794e454a953360c8cedf3ee62ae31f063822da6007489",
                "sha256:ddb1ae2891c8cb83a25da87a3e00111a9654fc5f0b70f18879c41aece45d6182",
                "sha256:e070a1f91202ed34c396be5ea842b886f6fa2b90d2db437dc9fb35a26c80c060",
                "sha256:e42860fbe1292668b682f6dabd225fbe2a7a4fa1632f0c39881c019e93dea594",
                "sha256:e4e1c486bf226822c8dceac81d0ec59c0a2399dbd1b9e04f03c3efa3605db677",
                "sha256:ea4d4b58f9bc34e224ef4b4604a6be03d72ef1f8c486391f970205f6733dbc46",
                "sha256:f5bd6891380e0fb5467251daf22525644fdf6afd9ae8bc2fe065c78ea1882e0d",
                "sha256:f60b3484ce4be04f5da3777c51c5140d3fe21cdd6674f2b6568f41c8130bcdeb"
            ],
            "index": "pypi",
            "version": "==3.9.8"
        },
        "rfc3986": {
            "extras": [
                "idna2008"
            ],
            "hashes": [
                "sha256:112398da31a3344dc25dbf477d8df6cb34f9278a94fee2625d89e4514be8bb9d",
                "sha256:af9147e9aceda37c91a05f4deb128d4b4b49d6b199775fd2d2927768abdc8f50"
            ],
            "version": "==1.4.0"
        },
        "schema": {
            "hashes": [
                "sha256:3a03c2e2b22e6a331ae73750ab1da46916da6ca861b16e6f073ac1d1eba43b71",
                "sha256:b536f2375b49fdf56f36279addae98bd86a8afbd58b3c32ce363c464bed5fc1c"
            ],
            "index": "pypi",
            "version": "==0.7.2"
        },
        "sentry-sdk": {
            "hashes": [
                "sha256:0fc1d3d74f6262ab47c0debb52145c41b95d120917d4149d6d7c6357b37e2587",
                "sha256:a3716e98a1285a74eeaea7418a5b8fb2d7568fa11b5fba389946f465876a4d44"
            ],
            "index": "pypi",
            "version": "==0.19.0"
        },
        "six": {
            "hashes": [
                "sha256:30639c035cdb23534cd4aa2dd52c3bf48f06e5f4a941509c8bafd8ce11080259",
                "sha256:8b74bedcbbbaca38ff6d7491d76f2b06b3592611af620f8426e82dddb04a5ced"
            ],
            "markers": "python_version >= '2.7' and python_version not in '3.0, 3.1, 3.2, 3.3'",
            "version": "==1.15.0"
        },
        "sniffio": {
            "hashes": [
                "sha256:471b71698eac1c2112a40ce2752bb2f4a4814c22a54a3eed3676bc0f5ca9f663",
                "sha256:c4666eecec1d3f50960c6bdf61ab7bc350648da6c126e3cf6898d8cd4ddcd3de"
            ],
            "markers": "python_version >= '3.5'",
            "version": "==1.2.0"
        },
        "starlette": {
            "hashes": [
                "sha256:40afea6ffa830849800cc4efdf006a86ad579d6ba6b64cb1925a1897b020ba6e",
                "sha256:82df29b2149437ad828a883674bf031788600c876dae50835e98398bd1706183"
            ],
            "index": "pypi",
            "version": "==0.13.8"
        },
        "toml": {
            "hashes": [
                "sha256:926b612be1e5ce0634a2ca03470f95169cf16f939018233a670519cb4ac58b0f",
                "sha256:bda89d5935c2eac546d648028b9901107a595863cb36bae0c73ac804a9b4ce88"
            ],
            "index": "pypi",
            "version": "==0.10.1"
        },
        "urllib3": {
            "hashes": [
                "sha256:91056c15fa70756691db97756772bb1eb9678fa585d9184f24534b100dc60f4a",
                "sha256:e7983572181f5e1522d9c98453462384ee92a0be7fac5f1413a1e35c56cc0461"
            ],
            "markers": "python_version >= '2.7' and python_version not in '3.0, 3.1, 3.2, 3.3, 3.4' and python_version < '4'",
            "version": "==1.25.10"
        },
        "uvicorn": {
            "hashes": [
                "sha256:a461e76406088f448f36323f5ac774d50e5a552b6ccb54e4fca8d83ef614a7c2",
                "sha256:d06a25caa8dc680ad92eb3ec67363f5281c092059613a1cc0100acba37fc0f45"
            ],
            "index": "pypi",
            "version": "==0.12.1"
        },
        "uvloop": {
            "hashes": [
                "sha256:08b109f0213af392150e2fe6f81d33261bb5ce968a288eb698aad4f46eb711bd",
                "sha256:123ac9c0c7dd71464f58f1b4ee0bbd81285d96cdda8bc3519281b8973e3a461e",
                "sha256:4315d2ec3ca393dd5bc0b0089d23101276778c304d42faff5dc4579cb6caef09",
                "sha256:4544dcf77d74f3a84f03dd6278174575c44c67d7165d4c42c71db3fdc3860726",
                "sha256:afd5513c0ae414ec71d24f6f123614a80f3d27ca655a4fcf6cabe50994cc1891",
                "sha256:b4f591aa4b3fa7f32fb51e2ee9fea1b495eb75b0b3c8d0ca52514ad675ae63f7",
                "sha256:bcac356d62edd330080aed082e78d4b580ff260a677508718f88016333e2c9c5",
                "sha256:e7514d7a48c063226b7d06617cbb12a14278d4323a065a8d46a7962686ce2e95",
                "sha256:f07909cd9fc08c52d294b1570bba92186181ca01fe3dc9ffba68955273dd7362"
            ],
            "index": "pypi",
            "version": "==0.14.0"
        },
        "validators": {
            "hashes": [
                "sha256:1a653b33c0ab091790f65f42b61aa191e354ed5fdedfeb17d24a86d0789966d7",
                "sha256:f787632edf9e054e9cf580d3016f5b0e9ad83b8a00a258b71406db0456e17007"
            ],
            "index": "pypi",
            "version": "==0.18.1"
        }
    },
    "develop": {
        "astroid": {
            "hashes": [
                "sha256:2f4078c2a41bf377eea06d71c9d2ba4eb8f6b1af2135bec27bbbb7d8f12bb703",
                "sha256:bc58d83eb610252fd8de6363e39d4f1d0619c894b0ed24603b881c02e64c7386"
            ],
            "markers": "python_version >= '3.5'",
            "version": "==2.4.2"
        },
        "attrs": {
            "hashes": [
                "sha256:26b54ddbbb9ee1d34d5d3668dd37d6cf74990ab23c828c2888dccdceee395594",
                "sha256:fce7fc47dfc976152e82d53ff92fa0407700c21acd20886a13777a0d20e655dc"
            ],
            "markers": "python_version >= '2.7' and python_version not in '3.0, 3.1, 3.2, 3.3'",
            "version": "==20.2.0"
        },
        "iniconfig": {
            "hashes": [
                "sha256:011e24c64b7f47f6ebd835bb12a743f2fbe9a26d4cecaa7f53bc4f35ee9da8b3",
                "sha256:bc3af051d7d14b2ee5ef9969666def0cd1a000e121eaea580d4a313df4b37f32"
            ],
            "version": "==1.1.1"
        },
        "isort": {
            "hashes": [
                "sha256:dcab1d98b469a12a1a624ead220584391648790275560e1a43e54c5dceae65e7",
                "sha256:dcaeec1b5f0eca77faea2a35ab790b4f3680ff75590bfcb7145986905aab2f58"
            ],
            "markers": "python_version >= '3.6' and python_version < '4.0'",
            "version": "==5.6.4"
        },
        "lazy-object-proxy": {
            "hashes": [
                "sha256:0c4b206227a8097f05c4dbdd323c50edf81f15db3b8dc064d08c62d37e1a504d",
                "sha256:194d092e6f246b906e8f70884e620e459fc54db3259e60cf69a4d66c3fda3449",
                "sha256:1be7e4c9f96948003609aa6c974ae59830a6baecc5376c25c92d7d697e684c08",
                "sha256:4677f594e474c91da97f489fea5b7daa17b5517190899cf213697e48d3902f5a",
                "sha256:48dab84ebd4831077b150572aec802f303117c8cc5c871e182447281ebf3ac50",
                "sha256:5541cada25cd173702dbd99f8e22434105456314462326f06dba3e180f203dfd",
                "sha256:59f79fef100b09564bc2df42ea2d8d21a64fdcda64979c0fa3db7bdaabaf6239",
                "sha256:8d859b89baf8ef7f8bc6b00aa20316483d67f0b1cbf422f5b4dc56701c8f2ffb",
                "sha256:9254f4358b9b541e3441b007a0ea0764b9d056afdeafc1a5569eee1cc6c1b9ea",
                "sha256:9651375199045a358eb6741df3e02a651e0330be090b3bc79f6d0de31a80ec3e",
                "sha256:97bb5884f6f1cdce0099f86b907aa41c970c3c672ac8b9c8352789e103cf3156",
                "sha256:9b15f3f4c0f35727d3a0fba4b770b3c4ebbb1fa907dbcc046a1d2799f3edd142",
                "sha256:a2238e9d1bb71a56cd710611a1614d1194dc10a175c1e08d75e1a7bcc250d442",
                "sha256:a6ae12d08c0bf9909ce12385803a543bfe99b95fe01e752536a60af2b7797c62",
                "sha256:ca0a928a3ddbc5725be2dd1cf895ec0a254798915fb3a36af0964a0a4149e3db",
                "sha256:cb2c7c57005a6804ab66f106ceb8482da55f5314b7fcb06551db1edae4ad1531",
                "sha256:d74bb8693bf9cf75ac3b47a54d716bbb1a92648d5f781fc799347cfc95952383",
                "sha256:d945239a5639b3ff35b70a88c5f2f491913eb94871780ebfabb2568bd58afc5a",
                "sha256:eba7011090323c1dadf18b3b689845fd96a61ba0a1dfbd7f24b921398affc357",
                "sha256:efa1909120ce98bbb3777e8b6f92237f5d5c8ea6758efea36a473e1d38f7d3e4",
                "sha256:f3900e8a5de27447acbf900b4750b0ddfd7ec1ea7fbaf11dfa911141bc522af0"
            ],
            "markers": "python_version >= '2.7' and python_version not in '3.0, 3.1, 3.2, 3.3'",
            "version": "==1.4.3"
        },
        "mccabe": {
            "hashes": [
                "sha256:ab8a6258860da4b6677da4bd2fe5dc2c659cff31b3ee4f7f5d64e79735b80d42",
                "sha256:dd8d182285a0fe56bace7f45b5e7d1a6ebcbf524e8f3bd87eb0f125271b8831f"
            ],
            "version": "==0.6.1"
        },
        "mypy": {
            "hashes": [
                "sha256:0a0d102247c16ce93c97066443d11e2d36e6cc2a32d8ccc1f705268970479324",
                "sha256:0d34d6b122597d48a36d6c59e35341f410d4abfa771d96d04ae2c468dd201abc",
                "sha256:2170492030f6faa537647d29945786d297e4862765f0b4ac5930ff62e300d802",
                "sha256:2842d4fbd1b12ab422346376aad03ff5d0805b706102e475e962370f874a5122",
                "sha256:2b21ba45ad9ef2e2eb88ce4aeadd0112d0f5026418324176fd494a6824b74975",
                "sha256:72060bf64f290fb629bd4a67c707a66fd88ca26e413a91384b18db3876e57ed7",
                "sha256:af4e9ff1834e565f1baa74ccf7ae2564ae38c8df2a85b057af1dbbc958eb6666",
                "sha256:bd03b3cf666bff8d710d633d1c56ab7facbdc204d567715cb3b9f85c6e94f669",
                "sha256:c614194e01c85bb2e551c421397e49afb2872c88b5830e3554f0519f9fb1c178",
                "sha256:cf4e7bf7f1214826cf7333627cb2547c0db7e3078723227820d0a2490f117a01",
                "sha256:da56dedcd7cd502ccd3c5dddc656cb36113dd793ad466e894574125945653cea",
                "sha256:e86bdace26c5fe9cf8cb735e7cedfe7850ad92b327ac5d797c656717d2ca66de",
                "sha256:e97e9c13d67fbe524be17e4d8025d51a7dca38f90de2e462243ab8ed8a9178d1",
                "sha256:eea260feb1830a627fb526d22fbb426b750d9f5a47b624e8d5e7e004359b219c"
            ],
            "index": "pypi",
            "version": "==0.790"
        },
        "mypy-extensions": {
            "hashes": [
                "sha256:090fedd75945a69ae91ce1303b5824f428daf5a028d2f6ab8a299250a846f15d",
                "sha256:2d82818f5bb3e369420cb3c4060a7970edba416647068eb4c5343488a6c604a8"
            ],
            "version": "==0.4.3"
        },
        "packaging": {
            "hashes": [
                "sha256:4357f74f47b9c12db93624a82154e9b120fa8293699949152b22065d556079f8",
                "sha256:998416ba6962ae7fbd6596850b80e17859a5753ba17c32284f67bfff33784181"
            ],
            "markers": "python_version >= '2.7' and python_version not in '3.0, 3.1, 3.2, 3.3'",
            "version": "==20.4"
        },
        "pluggy": {
            "hashes": [
                "sha256:15b2acde666561e1298d71b523007ed7364de07029219b604cf808bfa1c765b0",
                "sha256:966c145cd83c96502c3c3868f50408687b38434af77734af1e9ca461a4081d2d"
            ],
            "markers": "python_version >= '2.7' and python_version not in '3.0, 3.1, 3.2, 3.3'",
            "version": "==0.13.1"
        },
        "py": {
            "hashes": [
                "sha256:366389d1db726cd2fcfc79732e75410e5fe4d31db13692115529d34069a043c2",
                "sha256:9ca6883ce56b4e8da7e79ac18787889fa5206c79dcc67fb065376cd2fe03f342"
            ],
            "markers": "python_version >= '2.7' and python_version not in '3.0, 3.1, 3.2, 3.3'",
            "version": "==1.9.0"
        },
        "pylint": {
            "hashes": [
                "sha256:bb4a908c9dadbc3aac18860550e870f58e1a02c9f2c204fdf5693d73be061210",
                "sha256:bfe68f020f8a0fece830a22dd4d5dddb4ecc6137db04face4c3420a46a52239f"
            ],
            "index": "pypi",
            "version": "==2.6.0"
        },
        "pyparsing": {
            "hashes": [
                "sha256:c203ec8783bf771a155b207279b9bccb8dea02d8f0c9e5f8ead507bc3246ecc1",
                "sha256:ef9d7589ef3c200abe66653d3f1ab1033c3c419ae9b9bdb1240a85b024efc88b"
            ],
            "markers": "python_version >= '2.6' and python_version not in '3.0, 3.1, 3.2, 3.3'",
            "version": "==2.4.7"
        },
        "pytest": {
            "hashes": [
                "sha256:7a8190790c17d79a11f847fba0b004ee9a8122582ebff4729a082c109e81a4c9",
                "sha256:8f593023c1a0f916110285b6efd7f99db07d59546e3d8c36fc60e2ab05d3be92"
            ],
            "index": "pypi",
            "version": "==6.1.1"
        },
        "six": {
            "hashes": [
                "sha256:30639c035cdb23534cd4aa2dd52c3bf48f06e5f4a941509c8bafd8ce11080259",
                "sha256:8b74bedcbbbaca38ff6d7491d76f2b06b3592611af620f8426e82dddb04a5ced"
            ],
            "markers": "python_version >= '2.7' and python_version not in '3.0, 3.1, 3.2, 3.3'",
            "version": "==1.15.0"
        },
        "toml": {
            "hashes": [
                "sha256:926b612be1e5ce0634a2ca03470f95169cf16f939018233a670519cb4ac58b0f",
                "sha256:bda89d5935c2eac546d648028b9901107a595863cb36bae0c73ac804a9b4ce88"
            ],
            "index": "pypi",
            "version": "==0.10.1"
        },
        "typed-ast": {
            "hashes": [
                "sha256:0666aa36131496aed8f7be0410ff974562ab7eeac11ef351def9ea6fa28f6355",
                "sha256:0c2c07682d61a629b68433afb159376e24e5b2fd4641d35424e462169c0a7919",
                "sha256:249862707802d40f7f29f6e1aad8d84b5aa9e44552d2cc17384b209f091276aa",
                "sha256:24995c843eb0ad11a4527b026b4dde3da70e1f2d8806c99b7b4a7cf491612652",
                "sha256:269151951236b0f9a6f04015a9004084a5ab0d5f19b57de779f908621e7d8b75",
                "sha256:4083861b0aa07990b619bd7ddc365eb7fa4b817e99cf5f8d9cf21a42780f6e01",
                "sha256:498b0f36cc7054c1fead3d7fc59d2150f4d5c6c56ba7fb150c013fbc683a8d2d",
                "sha256:4e3e5da80ccbebfff202a67bf900d081906c358ccc3d5e3c8aea42fdfdfd51c1",
                "sha256:6daac9731f172c2a22ade6ed0c00197ee7cc1221aa84cfdf9c31defeb059a907",
                "sha256:715ff2f2df46121071622063fc7543d9b1fd19ebfc4f5c8895af64a77a8c852c",
                "sha256:73d785a950fc82dd2a25897d525d003f6378d1cb23ab305578394694202a58c3",
                "sha256:8c8aaad94455178e3187ab22c8b01a3837f8ee50e09cf31f1ba129eb293ec30b",
                "sha256:8ce678dbaf790dbdb3eba24056d5364fb45944f33553dd5869b7580cdbb83614",
                "sha256:aaee9905aee35ba5905cfb3c62f3e83b3bec7b39413f0a7f19be4e547ea01ebb",
                "sha256:bcd3b13b56ea479b3650b82cabd6b5343a625b0ced5429e4ccad28a8973f301b",
                "sha256:c9e348e02e4d2b4a8b2eedb48210430658df6951fa484e59de33ff773fbd4b41",
                "sha256:d205b1b46085271b4e15f670058ce182bd1199e56b317bf2ec004b6a44f911f6",
                "sha256:d43943ef777f9a1c42bf4e552ba23ac77a6351de620aa9acf64ad54933ad4d34",
                "sha256:d5d33e9e7af3b34a40dc05f498939f0ebf187f07c385fd58d591c533ad8562fe",
                "sha256:fc0fea399acb12edbf8a628ba8d2312f583bdbdb3335635db062fa98cf71fca4",
                "sha256:fe460b922ec15dd205595c9b5b99e2f056fd98ae8f9f56b888e7a17dc2b757e7"
            ],
            "version": "==1.4.1"
        },
        "typing-extensions": {
            "hashes": [
                "sha256:7cb407020f00f7bfc3cb3e7881628838e69d8f3fcab2f64742a5e76b2f841918",
                "sha256:99d4073b617d30288f569d3f13d2bd7548c3a7e4c8de87db09a9d29bb3a4a60c",
                "sha256:dafc7639cde7f1b6e1acc0f457842a83e722ccca8eef5270af2d74792619a89f"
            ],
            "version": "==3.7.4.3"
        },
        "wrapt": {
            "hashes": [
                "sha256:b62ffa81fb85f4332a4f609cab4ac40709470da05643a082ec1eb88e6d9b97d7"
            ],
            "version": "==1.12.1"
        }
    }
}
